
Microsoft Visual Studio Solution File, Format Version 12.00
# Visual Studio Version 16
VisualStudioVersion = 16.0.30804.86
MinimumVisualStudioVersion = 10.0.40219.1
Project("{9A19103F-16F7-4668-BE54-9A1E7A4F7556}") = "Day01", "Day01\Day01.csproj", "{0AE9A419-473F-4C37-A47F-B6C6E0351E05}"
EndProject
Project("{9A19103F-16F7-4668-BE54-9A1E7A4F7556}") = "Day02", "Day02\Day02.csproj", "{C89AA190-BD15-456A-A1DB-CFFB3FA3C49E}"
EndProject
Project("{9A19103F-16F7-4668-BE54-9A1E7A4F7556}") = "Day03", "Day03\Day03.csproj", "{71638D4A-9AD8-4266-BFB3-479AF0218A2C}"
EndProject
Project("{9A19103F-16F7-4668-BE54-9A1E7A4F7556}") = "Day04", "Day04\Day04.csproj", "{0A22E6CF-54E5-47BC-B5F3-3BDEF53BA106}"
EndProject
Project("{9A19103F-16F7-4668-BE54-9A1E7A4F7556}") = "Day05", "Day05\Day05.csproj", "{33251301-6C95-4F07-8EAF-1A9A420B3EDE}"
EndProject
Project("{9A19103F-16F7-4668-BE54-9A1E7A4F7556}") = "Day06", "Day06\Day06.csproj", "{CD178983-0690-4E39-9CE6-AF27C1548F7B}"
EndProject
Project("{9A19103F-16F7-4668-BE54-9A1E7A4F7556}") = "Day07", "Day07\Day07.csproj", "{ADB38DFC-2D02-4886-BDF8-BAC6121939B8}"
EndProject
Project("{9A19103F-16F7-4668-BE54-9A1E7A4F7556}") = "Day10", "Day10\Day10.csproj", "{A892AE96-96D4-4A7B-A858-BDD2DC6ABE3E}"
EndProject
Project("{9A19103F-16F7-4668-BE54-9A1E7A4F7556}") = "Day11", "Day11\Day11.csproj", "{30E00994-3FD4-4C9B-8392-50A1B0B39C41}"
EndProject
Project("{9A19103F-16F7-4668-BE54-9A1E7A4F7556}") = "Day12", "Day12\Day12.csproj", "{057BC4B4-1A5F-46DB-BB9E-3062E09882A5}"
EndProject
Project("{9A19103F-16F7-4668-BE54-9A1E7A4F7556}") = "Day13", "Day13\Day13.csproj", "{3402D47C-39AF-4388-9776-688FA3539F42}"
EndProject
Project("{9A19103F-16F7-4668-BE54-9A1E7A4F7556}") = "Day14", "Day14\Day14.csproj", "{C5CF5876-F04C-417E-A877-0A48C3780010}"
EndProject
Project("{9A19103F-16F7-4668-BE54-9A1E7A4F7556}") = "Day15", "Day15\Day15.csproj", "{AC26BD05-98CB-4B09-8D47-20EB865B64B4}"
EndProject
Project("{9A19103F-16F7-4668-BE54-9A1E7A4F7556}") = "Day08", "Day08\Day08.csproj", "{C9E2AFD2-0FCC-4B77-8BB9-1FFFDDCFD5E7}"
EndProject
Project("{9A19103F-16F7-4668-BE54-9A1E7A4F7556}") = "Day09", "Day09\Day09.csproj", "{CB04F59D-DCA3-47F6-9F5A-5D58A9CD9B5B}"
EndProject
Project("{9A19103F-16F7-4668-BE54-9A1E7A4F7556}") = "Day16", "Day16\Day16.csproj", "{084FFD16-7BB2-4ED5-85F9-1DEA3A574DED}"
EndProject
Project("{9A19103F-16F7-4668-BE54-9A1E7A4F7556}") = "Day18", "Day18\Day18.csproj", "{04F10CBC-A029-4184-ADCC-25FEE42BF2E7}"
EndProject
Project("{9A19103F-16F7-4668-BE54-9A1E7A4F7556}") = "Day20", "Day20\Day20.csproj", "{932C8167-74C1-40ED-9A9C-C170C93BFE78}"
EndProject
Project("{9A19103F-16F7-4668-BE54-9A1E7A4F7556}") = "Day21", "Day21\Day21.csproj", "{06534821-DEF8-40A5-8826-1DC87E4FE1C4}"
EndProject
Project("{9A19103F-16F7-4668-BE54-9A1E7A4F7556}") = "Day21_1", "Day21_1\Day21_1.csproj", "{25732882-A0E4-40AD-A312-5F0DAE683AAA}"
EndProject
Project("{9A19103F-16F7-4668-BE54-9A1E7A4F7556}") = "Day22", "Day22\Day22.csproj", "{013A138C-7546-43CC-9043-9F9D011B6C9E}"
EndProject
Project("{9A19103F-16F7-4668-BE54-9A1E7A4F7556}") = "Day24", "Day24\Day24.csproj", "{6D80B357-ACE5-443B-80F9-6405883C48A7}"
EndProject
Project("{9A19103F-16F7-4668-BE54-9A1E7A4F7556}") = "Day25", "Day25\Day25.csproj", "{485EA4BC-3031-4370-BD14-AEDAA583E08A}"
EndProject
Project("{9A19103F-16F7-4668-BE54-9A1E7A4F7556}") = "Day23_01", "Day23_01\Day23_01.csproj", "{C8ED0F4D-41FB-46D7-AFE1-ADAF6215965B}"
EndProject
Project("{9A19103F-16F7-4668-BE54-9A1E7A4F7556}") = "Day19", "Day19_01\Day19.csproj", "{F14029D0-7F3D-4775-B696-EC0B36CE4266}"
EndProject
Global
	GlobalSection(SolutionConfigurationPlatforms) = preSolution
		Debug|Any CPU = Debug|Any CPU
		Release|Any CPU = Release|Any CPU
	EndGlobalSection
	GlobalSection(ProjectConfigurationPlatforms) = postSolution
		{0AE9A419-473F-4C37-A47F-B6C6E0351E05}.Debug|Any CPU.ActiveCfg = Debug|Any CPU
		{0AE9A419-473F-4C37-A47F-B6C6E0351E05}.Debug|Any CPU.Build.0 = Debug|Any CPU
		{0AE9A419-473F-4C37-A47F-B6C6E0351E05}.Release|Any CPU.ActiveCfg = Release|Any CPU
		{0AE9A419-473F-4C37-A47F-B6C6E0351E05}.Release|Any CPU.Build.0 = Release|Any CPU
		{C89AA190-BD15-456A-A1DB-CFFB3FA3C49E}.Debug|Any CPU.ActiveCfg = Debug|Any CPU
		{C89AA190-BD15-456A-A1DB-CFFB3FA3C49E}.Debug|Any CPU.Build.0 = Debug|Any CPU
		{C89AA190-BD15-456A-A1DB-CFFB3FA3C49E}.Release|Any CPU.ActiveCfg = Release|Any CPU
		{C89AA190-BD15-456A-A1DB-CFFB3FA3C49E}.Release|Any CPU.Build.0 = Release|Any CPU
		{71638D4A-9AD8-4266-BFB3-479AF0218A2C}.Debug|Any CPU.ActiveCfg = Debug|Any CPU
		{71638D4A-9AD8-4266-BFB3-479AF0218A2C}.Debug|Any CPU.Build.0 = Debug|Any CPU
		{71638D4A-9AD8-4266-BFB3-479AF0218A2C}.Release|Any CPU.ActiveCfg = Release|Any CPU
		{71638D4A-9AD8-4266-BFB3-479AF0218A2C}.Release|Any CPU.Build.0 = Release|Any CPU
		{0A22E6CF-54E5-47BC-B5F3-3BDEF53BA106}.Debug|Any CPU.ActiveCfg = Debug|Any CPU
		{0A22E6CF-54E5-47BC-B5F3-3BDEF53BA106}.Debug|Any CPU.Build.0 = Debug|Any CPU
		{0A22E6CF-54E5-47BC-B5F3-3BDEF53BA106}.Release|Any CPU.ActiveCfg = Release|Any CPU
		{0A22E6CF-54E5-47BC-B5F3-3BDEF53BA106}.Release|Any CPU.Build.0 = Release|Any CPU
		{33251301-6C95-4F07-8EAF-1A9A420B3EDE}.Debug|Any CPU.ActiveCfg = Debug|Any CPU
		{33251301-6C95-4F07-8EAF-1A9A420B3EDE}.Debug|Any CPU.Build.0 = Debug|Any CPU
		{33251301-6C95-4F07-8EAF-1A9A420B3EDE}.Release|Any CPU.ActiveCfg = Release|Any CPU
		{33251301-6C95-4F07-8EAF-1A9A420B3EDE}.Release|Any CPU.Build.0 = Release|Any CPU
		{CD178983-0690-4E39-9CE6-AF27C1548F7B}.Debug|Any CPU.ActiveCfg = Debug|Any CPU
		{CD178983-0690-4E39-9CE6-AF27C1548F7B}.Debug|Any CPU.Build.0 = Debug|Any CPU
		{CD178983-0690-4E39-9CE6-AF27C1548F7B}.Release|Any CPU.ActiveCfg = Release|Any CPU
		{CD178983-0690-4E39-9CE6-AF27C1548F7B}.Release|Any CPU.Build.0 = Release|Any CPU
		{ADB38DFC-2D02-4886-BDF8-BAC6121939B8}.Debug|Any CPU.ActiveCfg = Debug|Any CPU
		{ADB38DFC-2D02-4886-BDF8-BAC6121939B8}.Debug|Any CPU.Build.0 = Debug|Any CPU
		{ADB38DFC-2D02-4886-BDF8-BAC6121939B8}.Release|Any CPU.ActiveCfg = Release|Any CPU
		{ADB38DFC-2D02-4886-BDF8-BAC6121939B8}.Release|Any CPU.Build.0 = Release|Any CPU
		{A892AE96-96D4-4A7B-A858-BDD2DC6ABE3E}.Debug|Any CPU.ActiveCfg = Debug|Any CPU
		{A892AE96-96D4-4A7B-A858-BDD2DC6ABE3E}.Debug|Any CPU.Build.0 = Debug|Any CPU
		{A892AE96-96D4-4A7B-A858-BDD2DC6ABE3E}.Release|Any CPU.ActiveCfg = Release|Any CPU
		{A892AE96-96D4-4A7B-A858-BDD2DC6ABE3E}.Release|Any CPU.Build.0 = Release|Any CPU
		{30E00994-3FD4-4C9B-8392-50A1B0B39C41}.Debug|Any CPU.ActiveCfg = Debug|Any CPU
		{30E00994-3FD4-4C9B-8392-50A1B0B39C41}.Debug|Any CPU.Build.0 = Debug|Any CPU
		{30E00994-3FD4-4C9B-8392-50A1B0B39C41}.Release|Any CPU.ActiveCfg = Release|Any CPU
		{30E00994-3FD4-4C9B-8392-50A1B0B39C41}.Release|Any CPU.Build.0 = Release|Any CPU
		{057BC4B4-1A5F-46DB-BB9E-3062E09882A5}.Debug|Any CPU.ActiveCfg = Debug|Any CPU
		{057BC4B4-1A5F-46DB-BB9E-3062E09882A5}.Debug|Any CPU.Build.0 = Debug|Any CPU
		{057BC4B4-1A5F-46DB-BB9E-3062E09882A5}.Release|Any CPU.ActiveCfg = Release|Any CPU
		{057BC4B4-1A5F-46DB-BB9E-3062E09882A5}.Release|Any CPU.Build.0 = Release|Any CPU
		{3402D47C-39AF-4388-9776-688FA3539F42}.Debug|Any CPU.ActiveCfg = Debug|Any CPU
		{3402D47C-39AF-4388-9776-688FA3539F42}.Debug|Any CPU.Build.0 = Debug|Any CPU
		{3402D47C-39AF-4388-9776-688FA3539F42}.Release|Any CPU.ActiveCfg = Release|Any CPU
		{3402D47C-39AF-4388-9776-688FA3539F42}.Release|Any CPU.Build.0 = Release|Any CPU
		{C5CF5876-F04C-417E-A877-0A48C3780010}.Debug|Any CPU.ActiveCfg = Debug|Any CPU
		{C5CF5876-F04C-417E-A877-0A48C3780010}.Debug|Any CPU.Build.0 = Debug|Any CPU
		{C5CF5876-F04C-417E-A877-0A48C3780010}.Release|Any CPU.ActiveCfg = Release|Any CPU
		{C5CF5876-F04C-417E-A877-0A48C3780010}.Release|Any CPU.Build.0 = Release|Any CPU
		{AC26BD05-98CB-4B09-8D47-20EB865B64B4}.Debug|Any CPU.ActiveCfg = Debug|Any CPU
		{AC26BD05-98CB-4B09-8D47-20EB865B64B4}.Debug|Any CPU.Build.0 = Debug|Any CPU
		{AC26BD05-98CB-4B09-8D47-20EB865B64B4}.Release|Any CPU.ActiveCfg = Release|Any CPU
		{AC26BD05-98CB-4B09-8D47-20EB865B64B4}.Release|Any CPU.Build.0 = Release|Any CPU
		{C9E2AFD2-0FCC-4B77-8BB9-1FFFDDCFD5E7}.Debug|Any CPU.ActiveCfg = Debug|Any CPU
		{C9E2AFD2-0FCC-4B77-8BB9-1FFFDDCFD5E7}.Debug|Any CPU.Build.0 = Debug|Any CPU
		{C9E2AFD2-0FCC-4B77-8BB9-1FFFDDCFD5E7}.Release|Any CPU.ActiveCfg = Release|Any CPU
		{C9E2AFD2-0FCC-4B77-8BB9-1FFFDDCFD5E7}.Release|Any CPU.Build.0 = Release|Any CPU
		{CB04F59D-DCA3-47F6-9F5A-5D58A9CD9B5B}.Debug|Any CPU.ActiveCfg = Debug|Any CPU
		{CB04F59D-DCA3-47F6-9F5A-5D58A9CD9B5B}.Debug|Any CPU.Build.0 = Debug|Any CPU
		{CB04F59D-DCA3-47F6-9F5A-5D58A9CD9B5B}.Release|Any CPU.ActiveCfg = Release|Any CPU
		{CB04F59D-DCA3-47F6-9F5A-5D58A9CD9B5B}.Release|Any CPU.Build.0 = Release|Any CPU
		{084FFD16-7BB2-4ED5-85F9-1DEA3A574DED}.Debug|Any CPU.ActiveCfg = Debug|Any CPU
		{084FFD16-7BB2-4ED5-85F9-1DEA3A574DED}.Debug|Any CPU.Build.0 = Debug|Any CPU
		{084FFD16-7BB2-4ED5-85F9-1DEA3A574DED}.Release|Any CPU.ActiveCfg = Release|Any CPU
		{084FFD16-7BB2-4ED5-85F9-1DEA3A574DED}.Release|Any CPU.Build.0 = Release|Any CPU
		{04F10CBC-A029-4184-ADCC-25FEE42BF2E7}.Debug|Any CPU.ActiveCfg = Debug|Any CPU
		{04F10CBC-A029-4184-ADCC-25FEE42BF2E7}.Debug|Any CPU.Build.0 = Debug|Any CPU
		{04F10CBC-A029-4184-ADCC-25FEE42BF2E7}.Release|Any CPU.ActiveCfg = Release|Any CPU
		{04F10CBC-A029-4184-ADCC-25FEE42BF2E7}.Release|Any CPU.Build.0 = Release|Any CPU
		{932C8167-74C1-40ED-9A9C-C170C93BFE78}.Debug|Any CPU.ActiveCfg = Debug|Any CPU
		{932C8167-74C1-40ED-9A9C-C170C93BFE78}.Debug|Any CPU.Build.0 = Debug|Any CPU
		{932C8167-74C1-40ED-9A9C-C170C93BFE78}.Release|Any CPU.ActiveCfg = Release|Any CPU
		{932C8167-74C1-40ED-9A9C-C170C93BFE78}.Release|Any CPU.Build.0 = Release|Any CPU
		{06534821-DEF8-40A5-8826-1DC87E4FE1C4}.Debug|Any CPU.ActiveCfg = Debug|Any CPU
		{06534821-DEF8-40A5-8826-1DC87E4FE1C4}.Debug|Any CPU.Build.0 = Debug|Any CPU
		{06534821-DEF8-40A5-8826-1DC87E4FE1C4}.Release|Any CPU.ActiveCfg = Release|Any CPU
		{06534821-DEF8-40A5-8826-1DC87E4FE1C4}.Release|Any CPU.Build.0 = Release|Any CPU
		{25732882-A0E4-40AD-A312-5F0DAE683AAA}.Debug|Any CPU.ActiveCfg = Debug|Any CPU
		{25732882-A0E4-40AD-A312-5F0DAE683AAA}.Debug|Any CPU.Build.0 = Debug|Any CPU
		{25732882-A0E4-40AD-A312-5F0DAE683AAA}.Release|Any CPU.ActiveCfg = Release|Any CPU
		{25732882-A0E4-40AD-A312-5F0DAE683AAA}.Release|Any CPU.Build.0 = Release|Any CPU
		{013A138C-7546-43CC-9043-9F9D011B6C9E}.Debug|Any CPU.ActiveCfg = Debug|Any CPU
		{013A138C-7546-43CC-9043-9F9D011B6C9E}.Debug|Any CPU.Build.0 = Debug|Any CPU
		{013A138C-7546-43CC-9043-9F9D011B6C9E}.Release|Any CPU.ActiveCfg = Release|Any CPU
		{013A138C-7546-43CC-9043-9F9D011B6C9E}.Release|Any CPU.Build.0 = Release|Any CPU
		{6D80B357-ACE5-443B-80F9-6405883C48A7}.Debug|Any CPU.ActiveCfg = Debug|Any CPU
		{6D80B357-ACE5-443B-80F9-6405883C48A7}.Debug|Any CPU.Build.0 = Debug|Any CPU
		{6D80B357-ACE5-443B-80F9-6405883C48A7}.Release|Any CPU.ActiveCfg = Release|Any CPU
		{6D80B357-ACE5-443B-80F9-6405883C48A7}.Release|Any CPU.Build.0 = Release|Any CPU
		{485EA4BC-3031-4370-BD14-AEDAA583E08A}.Debug|Any CPU.ActiveCfg = Debug|Any CPU
		{485EA4BC-3031-4370-BD14-AEDAA583E08A}.Debug|Any CPU.Build.0 = Debug|Any CPU
		{485EA4BC-3031-4370-BD14-AEDAA583E08A}.Release|Any CPU.ActiveCfg = Release|Any CPU
		{485EA4BC-3031-4370-BD14-AEDAA583E08A}.Release|Any CPU.Build.0 = Release|Any CPU
		{C8ED0F4D-41FB-46D7-AFE1-ADAF6215965B}.Debug|Any CPU.ActiveCfg = Debug|Any CPU
		{C8ED0F4D-41FB-46D7-AFE1-ADAF6215965B}.Debug|Any CPU.Build.0 = Debug|Any CPU
		{C8ED0F4D-41FB-46D7-AFE1-ADAF6215965B}.Release|Any CPU.ActiveCfg = Release|Any CPU
		{C8ED0F4D-41FB-46D7-AFE1-ADAF6215965B}.Release|Any CPU.Build.0 = Release|Any CPU
		{F14029D0-7F3D-4775-B696-EC0B36CE4266}.Debug|Any CPU.ActiveCfg = Debug|Any CPU
		{F14029D0-7F3D-4775-B696-EC0B36CE4266}.Debug|Any CPU.Build.0 = Debug|Any CPU
		{F14029D0-7F3D-4775-B696-EC0B36CE4266}.Release|Any CPU.ActiveCfg = Release|Any CPU
		{F14029D0-7F3D-4775-B696-EC0B36CE4266}.Release|Any CPU.Build.0 = Release|Any CPU
	EndGlobalSection
	GlobalSection(SolutionProperties) = preSolution
		HideSolutionNode = FALSE
	EndGlobalSection
	GlobalSection(ExtensibilityGlobals) = postSolution
		SolutionGuid = {996A3438-ADF0-41A1-B3D6-41B67D766643}
	EndGlobalSection
EndGlobal
